
[09:35 AM]-[noufal@CICON018]-[~/.../infra/terraform]- |main U:3 ✗|
$ terraform plan -out easypay.tfplan
data.aws_ami.ubuntu: Reading...
data.aws_ami.ubuntu: Read complete after 2s [id=ami-0ea1c7db66fee3098]

Terraform used the selected providers to generate the following execution plan. Resource actions are indicated with the following symbols:
  + create

Terraform will perform the following actions:

  # aws_instance.controller[0] will be created
  + resource "aws_instance" "controller" {
      + ami                                  = "ami-0ea1c7db66fee3098"
      + arn                                  = (known after apply)
      + associate_public_ip_address          = true
      + availability_zone                    = (known after apply)
      + cpu_core_count                       = (known after apply)
      + cpu_threads_per_core                 = (known after apply)
      + disable_api_stop                     = (known after apply)
      + disable_api_termination              = (known after apply)
      + ebs_optimized                        = (known after apply)
      + get_password_data                    = false
      + host_id                              = (known after apply)
      + host_resource_group_arn              = (known after apply)
      + iam_instance_profile                 = (known after apply)
      + id                                   = (known after apply)
      + instance_initiated_shutdown_behavior = (known after apply)
      + instance_state                       = (known after apply)
      + instance_type                        = "t2.medium"
      + ipv6_address_count                   = (known after apply)
      + ipv6_addresses                       = (known after apply)
      + key_name                             = "k8s"
      + monitoring                           = (known after apply)
      + outpost_arn                          = (known after apply)
      + password_data                        = (known after apply)
      + placement_group                      = (known after apply)
      + placement_partition_number           = (known after apply)
      + primary_network_interface_id         = (known after apply)
      + private_dns                          = (known after apply)
      + private_ip                           = "172.16.16.101"
      + public_dns                           = (known after apply)
      + public_ip                            = (known after apply)
      + secondary_private_ips                = (known after apply)
      + security_groups                      = (known after apply)
      + source_dest_check                    = false
      + subnet_id                            = (known after apply)
      + tags                                 = {
          + "Name" = "k8s-master1"
        }
      + tags_all                             = {
          + "Name" = "k8s-master1"
        }
      + tenancy                              = (known after apply)
      + user_data                            = (known after apply)
      + user_data_base64                     = (known after apply)
      + user_data_replace_on_change          = false
      + vpc_security_group_ids               = (known after apply)

      + capacity_reservation_specification {
          + capacity_reservation_preference = (known after apply)

          + capacity_reservation_target {
              + capacity_reservation_id                 = (known after apply)
              + capacity_reservation_resource_group_arn = (known after apply)
            }
        }

      + ebs_block_device {
          + delete_on_termination = (known after apply)
          + device_name           = (known after apply)
          + encrypted             = (known after apply)
          + iops                  = (known after apply)
          + kms_key_id            = (known after apply)
          + snapshot_id           = (known after apply)
          + tags                  = (known after apply)
          + throughput            = (known after apply)
          + volume_id             = (known after apply)
          + volume_size           = (known after apply)
          + volume_type           = (known after apply)
        }

      + enclave_options {
          + enabled = (known after apply)
        }

      + ephemeral_block_device {
          + device_name  = (known after apply)
          + no_device    = (known after apply)
          + virtual_name = (known after apply)
        }

      + maintenance_options {
          + auto_recovery = (known after apply)
        }

      + metadata_options {
          + http_endpoint               = (known after apply)
          + http_put_response_hop_limit = (known after apply)
          + http_tokens                 = (known after apply)
          + instance_metadata_tags      = (known after apply)
        }

      + network_interface {
          + delete_on_termination = (known after apply)
          + device_index          = (known after apply)
          + network_card_index    = (known after apply)
          + network_interface_id  = (known after apply)
        }

      + private_dns_name_options {
          + enable_resource_name_dns_a_record    = (known after apply)
          + enable_resource_name_dns_aaaa_record = (known after apply)
          + hostname_type                        = (known after apply)
        }

      + root_block_device {
          + delete_on_termination = (known after apply)
          + device_name           = (known after apply)
          + encrypted             = (known after apply)
          + iops                  = (known after apply)
          + kms_key_id            = (known after apply)
          + tags                  = (known after apply)
          + throughput            = (known after apply)
          + volume_id             = (known after apply)
          + volume_size           = (known after apply)
          + volume_type           = (known after apply)
        }
    }

  # aws_instance.worker[0] will be created
  + resource "aws_instance" "worker" {
      + ami                                  = "ami-0ea1c7db66fee3098"
      + arn                                  = (known after apply)
      + associate_public_ip_address          = true
      + availability_zone                    = (known after apply)
      + cpu_core_count                       = (known after apply)
      + cpu_threads_per_core                 = (known after apply)
      + disable_api_stop                     = (known after apply)
      + disable_api_termination              = (known after apply)
      + ebs_optimized                        = (known after apply)
      + get_password_data                    = false
      + host_id                              = (known after apply)
      + host_resource_group_arn              = (known after apply)
      + iam_instance_profile                 = (known after apply)
      + id                                   = (known after apply)
      + instance_initiated_shutdown_behavior = (known after apply)
      + instance_state                       = (known after apply)
      + instance_type                        = "t2.micro"
      + ipv6_address_count                   = (known after apply)
      + ipv6_addresses                       = (known after apply)
      + key_name                             = "k8s"
      + monitoring                           = (known after apply)
      + outpost_arn                          = (known after apply)
      + password_data                        = (known after apply)
      + placement_group                      = (known after apply)
      + placement_partition_number           = (known after apply)
      + primary_network_interface_id         = (known after apply)
      + private_dns                          = (known after apply)
      + private_ip                           = "172.16.16.201"
      + public_dns                           = (known after apply)
      + public_ip                            = (known after apply)
      + secondary_private_ips                = (known after apply)
      + security_groups                      = (known after apply)
      + source_dest_check                    = false
      + subnet_id                            = (known after apply)
      + tags                                 = {
          + "Name" = "k8s-worker1"
        }
      + tags_all                             = {
          + "Name" = "k8s-worker1"
        }
      + tenancy                              = (known after apply)
      + user_data                            = (known after apply)
      + user_data_base64                     = (known after apply)
      + user_data_replace_on_change          = false
      + vpc_security_group_ids               = (known after apply)

      + capacity_reservation_specification {
          + capacity_reservation_preference = (known after apply)

          + capacity_reservation_target {
              + capacity_reservation_id                 = (known after apply)
              + capacity_reservation_resource_group_arn = (known after apply)
            }
        }

      + ebs_block_device {
          + delete_on_termination = (known after apply)
          + device_name           = (known after apply)
          + encrypted             = (known after apply)
          + iops                  = (known after apply)
          + kms_key_id            = (known after apply)
          + snapshot_id           = (known after apply)
          + tags                  = (known after apply)
          + throughput            = (known after apply)
          + volume_id             = (known after apply)
          + volume_size           = (known after apply)
          + volume_type           = (known after apply)
        }

      + enclave_options {
          + enabled = (known after apply)
        }

      + ephemeral_block_device {
          + device_name  = (known after apply)
          + no_device    = (known after apply)
          + virtual_name = (known after apply)
        }

      + maintenance_options {
          + auto_recovery = (known after apply)
        }

      + metadata_options {
          + http_endpoint               = (known after apply)
          + http_put_response_hop_limit = (known after apply)
          + http_tokens                 = (known after apply)
          + instance_metadata_tags      = (known after apply)
        }

      + network_interface {
          + delete_on_termination = (known after apply)
          + device_index          = (known after apply)
          + network_card_index    = (known after apply)
          + network_interface_id  = (known after apply)
        }

      + private_dns_name_options {
          + enable_resource_name_dns_a_record    = (known after apply)
          + enable_resource_name_dns_aaaa_record = (known after apply)
          + hostname_type                        = (known after apply)
        }

      + root_block_device {
          + delete_on_termination = (known after apply)
          + device_name           = (known after apply)
          + encrypted             = (known after apply)
          + iops                  = (known after apply)
          + kms_key_id            = (known after apply)
          + tags                  = (known after apply)
          + throughput            = (known after apply)
          + volume_id             = (known after apply)
          + volume_size           = (known after apply)
          + volume_type           = (known after apply)
        }
    }

  # aws_instance.worker[1] will be created
  + resource "aws_instance" "worker" {
      + ami                                  = "ami-0ea1c7db66fee3098"
      + arn                                  = (known after apply)
      + associate_public_ip_address          = true
      + availability_zone                    = (known after apply)
      + cpu_core_count                       = (known after apply)
      + cpu_threads_per_core                 = (known after apply)
      + disable_api_stop                     = (known after apply)
      + disable_api_termination              = (known after apply)
      + ebs_optimized                        = (known after apply)
      + get_password_data                    = false
      + host_id                              = (known after apply)
      + host_resource_group_arn              = (known after apply)
      + iam_instance_profile                 = (known after apply)
      + id                                   = (known after apply)
      + instance_initiated_shutdown_behavior = (known after apply)
      + instance_state                       = (known after apply)
      + instance_type                        = "t2.micro"
      + ipv6_address_count                   = (known after apply)
      + ipv6_addresses                       = (known after apply)
      + key_name                             = "k8s"
      + monitoring                           = (known after apply)
      + outpost_arn                          = (known after apply)
      + password_data                        = (known after apply)
      + placement_group                      = (known after apply)
      + placement_partition_number           = (known after apply)
      + primary_network_interface_id         = (known after apply)
      + private_dns                          = (known after apply)
      + private_ip                           = "172.16.16.202"
      + public_dns                           = (known after apply)
      + public_ip                            = (known after apply)
      + secondary_private_ips                = (known after apply)
      + security_groups                      = (known after apply)
      + source_dest_check                    = false
      + subnet_id                            = (known after apply)
      + tags                                 = {
          + "Name" = "k8s-worker2"
        }
      + tags_all                             = {
          + "Name" = "k8s-worker2"
        }
      + tenancy                              = (known after apply)
      + user_data                            = (known after apply)
      + user_data_base64                     = (known after apply)
      + user_data_replace_on_change          = false
      + vpc_security_group_ids               = (known after apply)

      + capacity_reservation_specification {
          + capacity_reservation_preference = (known after apply)

          + capacity_reservation_target {
              + capacity_reservation_id                 = (known after apply)
              + capacity_reservation_resource_group_arn = (known after apply)
            }
        }

      + ebs_block_device {
          + delete_on_termination = (known after apply)
          + device_name           = (known after apply)
          + encrypted             = (known after apply)
          + iops                  = (known after apply)
          + kms_key_id            = (known after apply)
          + snapshot_id           = (known after apply)
          + tags                  = (known after apply)
          + throughput            = (known after apply)
          + volume_id             = (known after apply)
          + volume_size           = (known after apply)
          + volume_type           = (known after apply)
        }

      + enclave_options {
          + enabled = (known after apply)
        }

      + ephemeral_block_device {
          + device_name  = (known after apply)
          + no_device    = (known after apply)
          + virtual_name = (known after apply)
        }

      + maintenance_options {
          + auto_recovery = (known after apply)
        }

      + metadata_options {
          + http_endpoint               = (known after apply)
          + http_put_response_hop_limit = (known after apply)
          + http_tokens                 = (known after apply)
          + instance_metadata_tags      = (known after apply)
        }

      + network_interface {
          + delete_on_termination = (known after apply)
          + device_index          = (known after apply)
          + network_card_index    = (known after apply)
          + network_interface_id  = (known after apply)
        }

      + private_dns_name_options {
          + enable_resource_name_dns_a_record    = (known after apply)
          + enable_resource_name_dns_aaaa_record = (known after apply)
          + hostname_type                        = (known after apply)
        }

      + root_block_device {
          + delete_on_termination = (known after apply)
          + device_name           = (known after apply)
          + encrypted             = (known after apply)
          + iops                  = (known after apply)
          + kms_key_id            = (known after apply)
          + tags                  = (known after apply)
          + throughput            = (known after apply)
          + volume_id             = (known after apply)
          + volume_size           = (known after apply)
          + volume_type           = (known after apply)
        }
    }

  # aws_instance.worker[2] will be created
  + resource "aws_instance" "worker" {
      + ami                                  = "ami-0ea1c7db66fee3098"
      + arn                                  = (known after apply)
      + associate_public_ip_address          = true
      + availability_zone                    = (known after apply)
      + cpu_core_count                       = (known after apply)
      + cpu_threads_per_core                 = (known after apply)
      + disable_api_stop                     = (known after apply)
      + disable_api_termination              = (known after apply)
      + ebs_optimized                        = (known after apply)
      + get_password_data                    = false
      + host_id                              = (known after apply)
      + host_resource_group_arn              = (known after apply)
      + iam_instance_profile                 = (known after apply)
      + id                                   = (known after apply)
      + instance_initiated_shutdown_behavior = (known after apply)
      + instance_state                       = (known after apply)
      + instance_type                        = "t2.micro"
      + ipv6_address_count                   = (known after apply)
      + ipv6_addresses                       = (known after apply)
      + key_name                             = "k8s"
      + monitoring                           = (known after apply)
      + outpost_arn                          = (known after apply)
      + password_data                        = (known after apply)
      + placement_group                      = (known after apply)
      + placement_partition_number           = (known after apply)
      + primary_network_interface_id         = (known after apply)
      + private_dns                          = (known after apply)
      + private_ip                           = "172.16.16.203"
      + public_dns                           = (known after apply)
      + public_ip                            = (known after apply)
      + secondary_private_ips                = (known after apply)
      + security_groups                      = (known after apply)
      + source_dest_check                    = false
      + subnet_id                            = (known after apply)
      + tags                                 = {
          + "Name" = "k8s-worker3"
        }
      + tags_all                             = {
          + "Name" = "k8s-worker3"
        }
      + tenancy                              = (known after apply)
      + user_data                            = (known after apply)
      + user_data_base64                     = (known after apply)
      + user_data_replace_on_change          = false
      + vpc_security_group_ids               = (known after apply)

      + capacity_reservation_specification {
          + capacity_reservation_preference = (known after apply)

          + capacity_reservation_target {
              + capacity_reservation_id                 = (known after apply)
              + capacity_reservation_resource_group_arn = (known after apply)
            }
        }

      + ebs_block_device {
          + delete_on_termination = (known after apply)
          + device_name           = (known after apply)
          + encrypted             = (known after apply)
          + iops                  = (known after apply)
          + kms_key_id            = (known after apply)
          + snapshot_id           = (known after apply)
          + tags                  = (known after apply)
          + throughput            = (known after apply)
          + volume_id             = (known after apply)
          + volume_size           = (known after apply)
          + volume_type           = (known after apply)
        }

      + enclave_options {
          + enabled = (known after apply)
        }

      + ephemeral_block_device {
          + device_name  = (known after apply)
          + no_device    = (known after apply)
          + virtual_name = (known after apply)
        }

      + maintenance_options {
          + auto_recovery = (known after apply)
        }

      + metadata_options {
          + http_endpoint               = (known after apply)
          + http_put_response_hop_limit = (known after apply)
          + http_tokens                 = (known after apply)
          + instance_metadata_tags      = (known after apply)
        }

      + network_interface {
          + delete_on_termination = (known after apply)
          + device_index          = (known after apply)
          + network_card_index    = (known after apply)
          + network_interface_id  = (known after apply)
        }

      + private_dns_name_options {
          + enable_resource_name_dns_a_record    = (known after apply)
          + enable_resource_name_dns_aaaa_record = (known after apply)
          + hostname_type                        = (known after apply)
        }

      + root_block_device {
          + delete_on_termination = (known after apply)
          + device_name           = (known after apply)
          + encrypted             = (known after apply)
          + iops                  = (known after apply)
          + kms_key_id            = (known after apply)
          + tags                  = (known after apply)
          + throughput            = (known after apply)
          + volume_id             = (known after apply)
          + volume_size           = (known after apply)
          + volume_type           = (known after apply)
        }
    }

  # aws_internet_gateway.k8s will be created
  + resource "aws_internet_gateway" "k8s" {
      + arn      = (known after apply)
      + id       = (known after apply)
      + owner_id = (known after apply)
      + tags     = {
          + "Name" = "k8s-ig"
        }
      + tags_all = {
          + "Name" = "k8s-ig"
        }
      + vpc_id   = (known after apply)
    }

  # aws_key_pair.k8s will be created
  + resource "aws_key_pair" "k8s" {
      + arn             = (known after apply)
      + fingerprint     = (known after apply)
      + id              = (known after apply)
      + key_name        = "k8s"
      + key_name_prefix = (known after apply)
      + key_pair_id     = (known after apply)
      + key_type        = (known after apply)
      + public_key      = "ssh-rsa AAAAB3NzaC1yc2EAAAADAQABAAABgQCrOhjjQbc2oHfn1wZK/br0IfO3l4jQn7q3WSW9t9kcbumpsRA9cGGikZSJpjiwtk51z1XFjl8cxeeSqrBJfUG0ec4hf5TXP6R16HeXfqiYUz4nVI7SElUjXqKg3wUkWBZbkoqF/npnJD4D0X+C0LE4ed4YJU9sBottcB6teHLgWZ9qVOSOxjjyyaWgGl5eve70v1mUkBuiw9RRDngZnEa98PYHVTmzpWcyuVt0nKefG9Y3SfL2HouQgpFg4p/HvE0Gd4o/vDJvgmzbqka0WmKGpzHZdfG6lw09+pVoJqdvxAjOhW+TVVnRmE2Pw2bE4gyJTlfCMudvIC9YUB5kVoIGc8ix1iaMOVVXqv8dLZUv2Cll5RiE/i50qdnqDgNxxsobiFFadX+8+/mgsmwUFuALBbZhrkCWQIJVHf3cgk9xDr1kGWNqXH9cIp7ZNpcvtXlsQDCgVvoWPIehbFg0XQCLiQSQCugzuK7yHDqsae2NoQId5LzMvVdVzf8+HeEguBE= noufal@CICON018"
      + tags_all        = (known after apply)
    }

  # aws_lb.k8s will be created
  + resource "aws_lb" "k8s" {
      + arn                              = (known after apply)
      + arn_suffix                       = (known after apply)
      + dns_name                         = (known after apply)
      + enable_cross_zone_load_balancing = false
      + enable_deletion_protection       = false
      + id                               = (known after apply)
      + internal                         = false
      + ip_address_type                  = (known after apply)
      + load_balancer_type               = "network"
      + name                             = "kubernetes"
      + security_groups                  = (known after apply)
      + subnets                          = (known after apply)
      + tags_all                         = (known after apply)
      + vpc_id                           = (known after apply)
      + zone_id                          = (known after apply)

      + subnet_mapping {
          + allocation_id        = (known after apply)
          + ipv6_address         = (known after apply)
          + outpost_id           = (known after apply)
          + private_ipv4_address = (known after apply)
          + subnet_id            = (known after apply)
        }
    }

  # aws_lb_listener.k8s will be created
  + resource "aws_lb_listener" "k8s" {
      + arn               = (known after apply)
      + id                = (known after apply)
      + load_balancer_arn = (known after apply)
      + port              = 6443
      + protocol          = "TCP"
      + ssl_policy        = (known after apply)
      + tags_all          = (known after apply)

      + default_action {
          + order            = (known after apply)
          + target_group_arn = (known after apply)
          + type             = "forward"
        }
    }

  # aws_lb_target_group.k8s will be created
  + resource "aws_lb_target_group" "k8s" {
      + arn                                = (known after apply)
      + arn_suffix                         = (known after apply)
      + connection_termination             = false
      + deregistration_delay               = "300"
      + id                                 = (known after apply)
      + ip_address_type                    = (known after apply)
      + lambda_multi_value_headers_enabled = false
      + load_balancing_algorithm_type      = (known after apply)
      + name                               = "kubernetes"
      + port                               = 6443
      + preserve_client_ip                 = (known after apply)
      + protocol                           = "TCP"
      + protocol_version                   = (known after apply)
      + proxy_protocol_v2                  = false
      + slow_start                         = 0
      + tags_all                           = (known after apply)
      + target_type                        = "ip"
      + vpc_id                             = (known after apply)

      + health_check {
          + enabled             = (known after apply)
          + healthy_threshold   = (known after apply)
          + interval            = (known after apply)
          + matcher             = (known after apply)
          + path                = (known after apply)
          + port                = (known after apply)
          + protocol            = (known after apply)
          + timeout             = (known after apply)
          + unhealthy_threshold = (known after apply)
        }

      + stickiness {
          + cookie_duration = (known after apply)
          + cookie_name     = (known after apply)
          + enabled         = (known after apply)
          + type            = (known after apply)
        }

      + target_failover {
          + on_deregistration = (known after apply)
          + on_unhealthy      = (known after apply)
        }
    }

  # aws_lb_target_group_attachment.k8s[0] will be created
  + resource "aws_lb_target_group_attachment" "k8s" {
      + id               = (known after apply)
      + target_group_arn = (known after apply)
      + target_id        = "172.16.16.101"
    }

  # aws_route_table.k8s will be created
  + resource "aws_route_table" "k8s" {
      + arn              = (known after apply)
      + id               = (known after apply)
      + owner_id         = (known after apply)
      + propagating_vgws = (known after apply)
      + route            = [
          + {
              + carrier_gateway_id         = ""
              + cidr_block                 = "0.0.0.0/0"
              + core_network_arn           = ""
              + destination_prefix_list_id = ""
              + egress_only_gateway_id     = ""
              + gateway_id                 = (known after apply)
              + instance_id                = ""
              + ipv6_cidr_block            = ""
              + local_gateway_id           = ""
              + nat_gateway_id             = ""
              + network_interface_id       = ""
              + transit_gateway_id         = ""
              + vpc_endpoint_id            = ""
              + vpc_peering_connection_id  = ""
            },
        ]
      + tags             = {
          + "Name" = "k8s-rt"
        }
      + tags_all         = {
          + "Name" = "k8s-rt"
        }
      + vpc_id           = (known after apply)
    }

  # aws_route_table_association.k8s will be created
  + resource "aws_route_table_association" "k8s" {
      + id             = (known after apply)
      + route_table_id = (known after apply)
      + subnet_id      = (known after apply)
    }

  # aws_security_group.controller will be created
  + resource "aws_security_group" "controller" {
      + arn                    = (known after apply)
      + description            = "Kubernetes Controller Security Group"
      + egress                 = (known after apply)
      + id                     = (known after apply)
      + ingress                = [
          + {
              + cidr_blocks      = [
                  + "172.16.16.0/24",
                  + "192.168.0.0/16",
                ]
              + description      = ""
              + from_port        = 0
              + ipv6_cidr_blocks = []
              + prefix_list_ids  = []
              + protocol         = "-1"
              + security_groups  = []
              + self             = false
              + to_port          = 0
            },
        ]
      + name                   = "k8s-controller"
      + name_prefix            = (known after apply)
      + owner_id               = (known after apply)
      + revoke_rules_on_delete = false
      + tags                   = {
          + "Name" = "k8s-controller-sg"
        }
      + tags_all               = {
          + "Name" = "k8s-controller-sg"
        }
      + vpc_id                 = (known after apply)
    }

  # aws_security_group.worker will be created
  + resource "aws_security_group" "worker" {
      + arn                    = (known after apply)
      + description            = "Kubernetes Worker Security Group"
      + egress                 = (known after apply)
      + id                     = (known after apply)
      + ingress                = [
          + {
              + cidr_blocks      = [
                  + "172.16.16.0/24",
                  + "192.168.0.0/16",
                ]
              + description      = ""
              + from_port        = 0
              + ipv6_cidr_blocks = []
              + prefix_list_ids  = []
              + protocol         = "-1"
              + security_groups  = []
              + self             = false
              + to_port          = 0
            },
        ]
      + name                   = "k8s-worker"
      + name_prefix            = (known after apply)
      + owner_id               = (known after apply)
      + revoke_rules_on_delete = false
      + tags                   = {
          + "Name" = "k8s-worker-sg"
        }
      + tags_all               = {
          + "Name" = "k8s-worker-sg"
        }
      + vpc_id                 = (known after apply)
    }

  # aws_security_group_rule.controller-apiserver will be created
  + resource "aws_security_group_rule" "controller-apiserver" {
      + cidr_blocks              = [
          + "0.0.0.0/0",
        ]
      + from_port                = 0
      + id                       = (known after apply)
      + protocol                 = "tcp"
      + security_group_id        = (known after apply)
      + security_group_rule_id   = (known after apply)
      + self                     = false
      + source_security_group_id = (known after apply)
      + to_port                  = 6443
      + type                     = "ingress"
    }

  # aws_security_group_rule.controller-egress will be created
  + resource "aws_security_group_rule" "controller-egress" {
      + cidr_blocks              = [
          + "0.0.0.0/0",
        ]
      + from_port                = 0
      + id                       = (known after apply)
      + ipv6_cidr_blocks         = [
          + "::/0",
        ]
      + protocol                 = "-1"
      + security_group_id        = (known after apply)
      + security_group_rule_id   = (known after apply)
      + self                     = false
      + source_security_group_id = (known after apply)
      + to_port                  = 0
      + type                     = "egress"
    }

  # aws_security_group_rule.controller-etcd will be created
  + resource "aws_security_group_rule" "controller-etcd" {
      + from_port                = 2379
      + id                       = (known after apply)
      + protocol                 = "tcp"
      + security_group_id        = (known after apply)
      + security_group_rule_id   = (known after apply)
      + self                     = true
      + source_security_group_id = (known after apply)
      + to_port                  = 2380
      + type                     = "ingress"
    }

  # aws_security_group_rule.controller-kube-controller-manager will be created
  + resource "aws_security_group_rule" "controller-kube-controller-manager" {
      + from_port                = 10257
      + id                       = (known after apply)
      + protocol                 = "tcp"
      + security_group_id        = (known after apply)
      + security_group_rule_id   = (known after apply)
      + self                     = true
      + source_security_group_id = (known after apply)
      + to_port                  = 10257
      + type                     = "ingress"
    }

  # aws_security_group_rule.controller-kube-scheduler will be created
  + resource "aws_security_group_rule" "controller-kube-scheduler" {
      + from_port                = 10259
      + id                       = (known after apply)
      + protocol                 = "tcp"
      + security_group_id        = (known after apply)
      + security_group_rule_id   = (known after apply)
      + self                     = true
      + source_security_group_id = (known after apply)
      + to_port                  = 10259
      + type                     = "ingress"
    }

  # aws_security_group_rule.controller-kubelet-api will be created
  + resource "aws_security_group_rule" "controller-kubelet-api" {
      + from_port                = 10250
      + id                       = (known after apply)
      + protocol                 = "tcp"
      + security_group_id        = (known after apply)
      + security_group_rule_id   = (known after apply)
      + self                     = false
      + source_security_group_id = (known after apply)
      + to_port                  = 10250
      + type                     = "ingress"
    }

  # aws_security_group_rule.controller-kubelet-api-self will be created
  + resource "aws_security_group_rule" "controller-kubelet-api-self" {
      + from_port                = 10250
      + id                       = (known after apply)
      + protocol                 = "tcp"
      + security_group_id        = (known after apply)
      + security_group_rule_id   = (known after apply)
      + self                     = true
      + source_security_group_id = (known after apply)
      + to_port                  = 10250
      + type                     = "ingress"
    }

  # aws_security_group_rule.controller-nodeport-services will be created
  + resource "aws_security_group_rule" "controller-nodeport-services" {
      + cidr_blocks              = [
          + "0.0.0.0/0",
        ]
      + from_port                = 80
      + id                       = (known after apply)
      + protocol                 = "tcp"
      + security_group_id        = (known after apply)
      + security_group_rule_id   = (known after apply)
      + self                     = false
      + source_security_group_id = (known after apply)
      + to_port                  = 30001
      + type                     = "ingress"
    }

  # aws_security_group_rule.controller-ssh will be created
  + resource "aws_security_group_rule" "controller-ssh" {
      + cidr_blocks              = [
          + "0.0.0.0/0",
        ]
      + from_port                = 22
      + id                       = (known after apply)
      + protocol                 = "tcp"
      + security_group_id        = (known after apply)
      + security_group_rule_id   = (known after apply)
      + self                     = false
      + source_security_group_id = (known after apply)
      + to_port                  = 22
      + type                     = "ingress"
    }

  # aws_security_group_rule.controller_allow_ping will be created
  + resource "aws_security_group_rule" "controller_allow_ping" {
      + description              = "to allow ping in from worker"
      + from_port                = 8
      + id                       = (known after apply)
      + protocol                 = "icmp"
      + security_group_id        = (known after apply)
      + security_group_rule_id   = (known after apply)
      + self                     = false
      + source_security_group_id = (known after apply)
      + to_port                  = -1
      + type                     = "ingress"
    }

  # aws_security_group_rule.worker-egress will be created
  + resource "aws_security_group_rule" "worker-egress" {
      + cidr_blocks              = [
          + "0.0.0.0/0",
        ]
      + from_port                = 0
      + id                       = (known after apply)
      + ipv6_cidr_blocks         = [
          + "::/0",
        ]
      + protocol                 = "-1"
      + security_group_id        = (known after apply)
      + security_group_rule_id   = (known after apply)
      + self                     = false
      + source_security_group_id = (known after apply)
      + to_port                  = 0
      + type                     = "egress"
    }

  # aws_security_group_rule.worker-http will be created
  + resource "aws_security_group_rule" "worker-http" {
      + cidr_blocks              = [
          + "0.0.0.0/0",
        ]
      + from_port                = 80
      + id                       = (known after apply)
      + protocol                 = "tcp"
      + security_group_id        = (known after apply)
      + security_group_rule_id   = (known after apply)
      + self                     = false
      + source_security_group_id = (known after apply)
      + to_port                  = 80
      + type                     = "ingress"
    }

  # aws_security_group_rule.worker-https will be created
  + resource "aws_security_group_rule" "worker-https" {
      + cidr_blocks              = [
          + "0.0.0.0/0",
        ]
      + from_port                = 443
      + id                       = (known after apply)
      + protocol                 = "tcp"
      + security_group_id        = (known after apply)
      + security_group_rule_id   = (known after apply)
      + self                     = false
      + source_security_group_id = (known after apply)
      + to_port                  = 443
      + type                     = "ingress"
    }

  # aws_security_group_rule.worker-kubelet-api will be created
  + resource "aws_security_group_rule" "worker-kubelet-api" {
      + from_port                = 10250
      + id                       = (known after apply)
      + protocol                 = "tcp"
      + security_group_id        = (known after apply)
      + security_group_rule_id   = (known after apply)
      + self                     = false
      + source_security_group_id = (known after apply)
      + to_port                  = 10250
      + type                     = "ingress"
    }

  # aws_security_group_rule.worker-kubelet-api-self will be created
  + resource "aws_security_group_rule" "worker-kubelet-api-self" {
      + from_port                = 10250
      + id                       = (known after apply)
      + protocol                 = "tcp"
      + security_group_id        = (known after apply)
      + security_group_rule_id   = (known after apply)
      + self                     = true
      + source_security_group_id = (known after apply)
      + to_port                  = 10250
      + type                     = "ingress"
    }

  # aws_security_group_rule.worker-nodeport-services will be created
  + resource "aws_security_group_rule" "worker-nodeport-services" {
      + cidr_blocks              = [
          + "0.0.0.0/0",
        ]
      + from_port                = 80
      + id                       = (known after apply)
      + protocol                 = "tcp"
      + security_group_id        = (known after apply)
      + security_group_rule_id   = (known after apply)
      + self                     = false
      + source_security_group_id = (known after apply)
      + to_port                  = 30001
      + type                     = "ingress"
    }

  # aws_security_group_rule.worker-ssh will be created
  + resource "aws_security_group_rule" "worker-ssh" {
      + cidr_blocks              = [
          + "0.0.0.0/0",
        ]
      + from_port                = 22
      + id                       = (known after apply)
      + protocol                 = "tcp"
      + security_group_id        = (known after apply)
      + security_group_rule_id   = (known after apply)
      + self                     = false
      + source_security_group_id = (known after apply)
      + to_port                  = 22
      + type                     = "ingress"
    }

  # aws_security_group_rule.worker_allow_ping will be created
  + resource "aws_security_group_rule" "worker_allow_ping" {
      + description              = "to allow ping in from controller"
      + from_port                = 8
      + id                       = (known after apply)
      + protocol                 = "icmp"
      + security_group_id        = (known after apply)
      + security_group_rule_id   = (known after apply)
      + self                     = false
      + source_security_group_id = (known after apply)
      + to_port                  = -1
      + type                     = "ingress"
    }

  # aws_subnet.k8s will be created
  + resource "aws_subnet" "k8s" {
      + arn                                            = (known after apply)
      + assign_ipv6_address_on_creation                = false
      + availability_zone                              = (known after apply)
      + availability_zone_id                           = (known after apply)
      + cidr_block                                     = "172.16.16.0/24"
      + enable_dns64                                   = false
      + enable_resource_name_dns_a_record_on_launch    = false
      + enable_resource_name_dns_aaaa_record_on_launch = false
      + id                                             = (known after apply)
      + ipv6_cidr_block_association_id                 = (known after apply)
      + ipv6_native                                    = false
      + map_public_ip_on_launch                        = false
      + owner_id                                       = (known after apply)
      + private_dns_hostname_type_on_launch            = (known after apply)
      + tags                                           = {
          + "Name" = "k8s-public-subnet"
        }
      + tags_all                                       = {
          + "Name" = "k8s-public-subnet"
        }
      + vpc_id                                         = (known after apply)
    }

  # aws_vpc.k8s will be created
  + resource "aws_vpc" "k8s" {
      + arn                                  = (known after apply)
      + cidr_block                           = "172.16.0.0/16"
      + default_network_acl_id               = (known after apply)
      + default_route_table_id               = (known after apply)
      + default_security_group_id            = (known after apply)
      + dhcp_options_id                      = (known after apply)
      + enable_classiclink                   = (known after apply)
      + enable_classiclink_dns_support       = (known after apply)
      + enable_dns_hostnames                 = true
      + enable_dns_support                   = true
      + enable_network_address_usage_metrics = (known after apply)
      + id                                   = (known after apply)
      + instance_tenancy                     = "default"
      + ipv6_association_id                  = (known after apply)
      + ipv6_cidr_block                      = (known after apply)
      + ipv6_cidr_block_network_border_group = (known after apply)
      + main_route_table_id                  = (known after apply)
      + owner_id                             = (known after apply)
      + tags                                 = {
          + "Name" = "k8s-vpc"
        }
      + tags_all                             = {
          + "Name" = "k8s-vpc"
        }
    }

  # local_file.hosts_cfg will be created
  + resource "local_file" "hosts_cfg" {
      + content              = (known after apply)
      + directory_permission = "0777"
      + file_permission      = "0777"
      + filename             = "../ansible/hosts.ini"
      + id                   = (known after apply)
    }

  # null_resource.k8s_controller_bootstrap[0] will be created
  + resource "null_resource" "k8s_controller_bootstrap" {
      + id = (known after apply)
    }

  # null_resource.k8s_worker_bootstrap[0] will be created
  + resource "null_resource" "k8s_worker_bootstrap" {
      + id = (known after apply)
    }

  # null_resource.k8s_worker_bootstrap[1] will be created
  + resource "null_resource" "k8s_worker_bootstrap" {
      + id = (known after apply)
    }

  # null_resource.k8s_worker_bootstrap[2] will be created
  + resource "null_resource" "k8s_worker_bootstrap" {
      + id = (known after apply)
    }

Plan: 39 to add, 0 to change, 0 to destroy.

Changes to Outputs:
  + controller_instance_ips = [
      + (known after apply),
    ]
  + worker_instance_ips     = [
      + (known after apply),
      + (known after apply),
      + (known after apply),
    ]

───────────────────────────────────────────────────────────────────────────────────────────────────────────────────────────────────────────────────────────────────────────────────────────

Saved the plan to: easypay.tfplan

To perform exactly these actions, run the following command to apply:
    terraform apply "easypay.tfplan"

[09:35 AM]-[noufal@CICON018]-[~/.../infra/terraform]- |main U:3 ?:1 ✗|
$
